# Pinned Spyre RPM baseline for CI. Regenerate with `upgrade-torch-spyre`.
#
# All packages are published in the "prod" (base) tree. The `next` tree is
# available to use for dev preview builds.
#
# x86_64 is pinned to an exact build including the trailing `_<buildnum>`.
# Power (ppc64le) and Z (s390x) pins should use the same commit, but are
# left wildcarded: The build numbers differ across platforms.

version = 2

[defaults]
# Artifactory subdir (<repo>/<tree>/<arch>/); "" is the prod/base tree.
tree = ""

# x86_64
[packages]
ibm-aiu-toolbox-e2e   = { version = "2.0.0-0.main.1+32.c542b73_121" }
ibm-deeptools         = { version = "2.0.0-0.main.1+2543.7e6842c_384" }
ibm-deeptools-devel   = { version = "2.0.0-0.main.1+2543.7e6842c_384" }
ibm-flex              = { version = "2.0.0-0.main.1+596.c86e202_449" }
ibm-flex-devel        = { version = "2.0.0-0.main.1+596.c86e202_449" }
ibm-senlib-core       = { version = "2.0.0-0.main.1+288.6762e25_348" }
ibm-senlib-dd2        = { version = "2.0.0-0.main.1+288.6762e25_348" }
ibm-senlib-headers    = { version = "2.0.0-0.main.1+288.6762e25_348" }
ibm-spyre-comms       = { version = "1.0.0-0.main.1+170.4624f77_225" }
ibm-spyre-comms-devel = { version = "1.0.0-0.main.1+170.4624f77_225" }
ibm-libaiupti         = { version = "2.0.0-0.main.1+32.079e605_34" }

# Power
[overrides.ppc64le]
ibm-aiu-toolbox-e2e   = { version = "2.0.0-0.main.1+32.c542b73_*" }
ibm-deeptools         = { version = "2.0.0-0.main.1+2543.7e6842c_*" }
ibm-deeptools-devel   = { version = "2.0.0-0.main.1+2543.7e6842c_*" }
ibm-flex              = { version = "2.0.0-0.main.1+596.c86e202_*" }
ibm-flex-devel        = { version = "2.0.0-0.main.1+596.c86e202_*" }
ibm-senlib-core       = { version = "2.0.0-0.main.1+288.6762e25_*" }
ibm-senlib-dd2        = { version = "2.0.0-0.main.1+288.6762e25_*" }
ibm-senlib-headers    = { version = "2.0.0-0.main.1+288.6762e25_*" }
ibm-spyre-comms       = { version = "1.0.0-0.main.1+170.4624f77_*" }
ibm-spyre-comms-devel = { version = "1.0.0-0.main.1+170.4624f77_*" }
ibm-libaiupti         = { version = "2.0.0-0.main.1+32.079e605_*" }

# Z
[overrides.s390x]
ibm-aiu-toolbox-e2e   = { version = "2.0.0-0.main.1+32.c542b73_*" }
ibm-deeptools         = { version = "2.0.0-0.main.1+2543.7e6842c_*" }
ibm-deeptools-devel   = { version = "2.0.0-0.main.1+2543.7e6842c_*" }
ibm-flex              = { version = "2.0.0-0.main.1+596.c86e202_*" }
ibm-flex-devel        = { version = "2.0.0-0.main.1+596.c86e202_*" }
ibm-senlib-core       = { version = "2.0.0-0.main.1+288.6762e25_*" }
ibm-senlib-dd2        = { version = "2.0.0-0.main.1+288.6762e25_*" }
ibm-senlib-headers    = { version = "2.0.0-0.main.1+288.6762e25_*" }
ibm-spyre-comms       = { version = "1.0.0-0.main.1+170.4624f77_*" }
ibm-spyre-comms-devel = { version = "1.0.0-0.main.1+170.4624f77_*" }
ibm-libaiupti         = { version = "2.0.0-0.main.1+32.079e605_*" }
